
Microsoft Visual Studio Solution File, Format Version 12.00
# Visual Studio Version 17
VisualStudioVersion = 17.0.31903.59
MinimumVisualStudioVersion = 10.0.40219.1
Project("{FAE04EC0-301F-11D3-BF4B-00C04F79EFBC}") = "Day01", "Day01\Day01.csproj", "{D6B8F455-4C90-467C-8A34-ABAC13CF0616}"
EndProject
Project("{FAE04EC0-301F-11D3-BF4B-00C04F79EFBC}") = "Day02", "Day02\Day02.csproj", "{CE008F25-721B-4CF6-B4A8-9557664FE693}"
EndProject
Project("{FAE04EC0-301F-11D3-BF4B-00C04F79EFBC}") = "Day03", "Day03\Day03.csproj", "{72D1A618-0AA0-496E-9D12-C0DCCC3BE5CF}"
EndProject
Project("{FAE04EC0-301F-11D3-BF4B-00C04F79EFBC}") = "Day04", "Day04\Day04.csproj", "{30779A4A-D374-46E0-9951-680D8FD9A313}"
EndProject
Project("{2150E333-8FDC-42A3-9474-1A3956D46DE8}") = "Day 01 - Day 02", "Day 01 - Day 02", "{84597CC4-4CCF-4E78-A669-48945F836B35}"
EndProject
Project("{FAE04EC0-301F-11D3-BF4B-00C04F79EFBC}") = "Encapsulation", "Encapsulation\Encapsulation.csproj", "{87205761-DBA3-4ECA-B7E7-2911F689DEB9}"
EndProject
Project("{FAE04EC0-301F-11D3-BF4B-00C04F79EFBC}") = "EncapsulationInheritance", "EncapsulationInheritance\EncapsulationInheritance.csproj", "{B2AFA4C9-73AD-474C-98B8-3D1B89D6F58A}"
EndProject
Project("{FAE04EC0-301F-11D3-BF4B-00C04F79EFBC}") = "Overriding", "Overriding\Overriding.csproj", "{524FB551-740D-4A30-919D-30CCFF88F5B2}"
EndProject
Project("{FAE04EC0-301F-11D3-BF4B-00C04F79EFBC}") = "MethodHiding", "MethodHiding\MethodHiding.csproj", "{C230176F-252A-4E05-B89E-2B96F23D0321}"
EndProject
Project("{FAE04EC0-301F-11D3-BF4B-00C04F79EFBC}") = "String", "String\String.csproj", "{9EBCE088-074B-40A2-9C19-6D83F05AF123}"
EndProject
Project("{FAE04EC0-301F-11D3-BF4B-00C04F79EFBC}") = "Exception", "Exception\Exception.csproj", "{4F062769-DD5D-46AC-A24A-7CEC83983283}"
EndProject
Project("{FAE04EC0-301F-11D3-BF4B-00C04F79EFBC}") = "ConstAndReadonly", "ConstAndReadonly\ConstAndReadonly.csproj", "{6DAEE96C-9478-42B9-96C8-37B245696B43}"
EndProject
Project("{FAE04EC0-301F-11D3-BF4B-00C04F79EFBC}") = "DefaultAccessModifier", "DefaultAccessModifier\DefaultAccessModifier.csproj", "{546442E1-8158-4F3A-80A8-7C1E79C35301}"
EndProject
Project("{2150E333-8FDC-42A3-9474-1A3956D46DE8}") = "Day 03", "Day 03", "{7BBE716D-7823-43F9-9B60-AA4C171BCB02}"
EndProject
Project("{FAE04EC0-301F-11D3-BF4B-00C04F79EFBC}") = "StringvsStringBuilder", "StringvsStringBuilder\StringvsStringBuilder.csproj", "{6158A377-AD9B-4A52-A7BD-AAD1734BC346}"
EndProject
Project("{FAE04EC0-301F-11D3-BF4B-00C04F79EFBC}") = "ArrayIsMutable", "ArrayIsMutable\ArrayIsMutable.csproj", "{9DDDFAC1-338E-449D-BD05-26B67D319EB2}"
EndProject
Project("{FAE04EC0-301F-11D3-BF4B-00C04F79EFBC}") = "ReferenceType", "ReferenceType\ReferenceType.csproj", "{5BA4FBA5-FE84-4EAD-8230-2934B7D819F9}"
EndProject
Project("{FAE04EC0-301F-11D3-BF4B-00C04F79EFBC}") = "ValueType", "ValueType\ValueType.csproj", "{6B2E72F1-2232-4520-88D6-291812063B59}"
EndProject
Project("{FAE04EC0-301F-11D3-BF4B-00C04F79EFBC}") = "Composition", "Car\Composition.csproj", "{100E524A-4840-4F22-911A-BCAFE2B16079}"
EndProject
Project("{FAE04EC0-301F-11D3-BF4B-00C04F79EFBC}") = "Composition2", "Composition2\Composition2.csproj", "{8B81F287-D777-4014-8DA7-0186862C4F42}"
EndProject
Project("{FAE04EC0-301F-11D3-BF4B-00C04F79EFBC}") = "Object", "Object\Object.csproj", "{A6179230-1B2C-4899-83FE-A750BA8451B3}"
EndProject
Project("{FAE04EC0-301F-11D3-BF4B-00C04F79EFBC}") = "Dynamic", "Dynamic\Dynamic.csproj", "{EFA637DE-50EA-403B-93EA-BC8DC4F0E64B}"
EndProject
Project("{FAE04EC0-301F-11D3-BF4B-00C04F79EFBC}") = "Properties", "Properties\Properties.csproj", "{E57A32FF-B784-43C9-BD2E-36F36857EBCD}"
EndProject
Project("{FAE04EC0-301F-11D3-BF4B-00C04F79EFBC}") = "Ref", "Ref\Ref.csproj", "{0CAD1B64-6AFF-4369-B586-1A223FDEC59C}"
EndProject
Project("{FAE04EC0-301F-11D3-BF4B-00C04F79EFBC}") = "Out", "Out\Out.csproj", "{4F5FBD91-6B0F-447A-8633-B4A9D80F6106}"
EndProject
Project("{FAE04EC0-301F-11D3-BF4B-00C04F79EFBC}") = "In", "In\In.csproj", "{45A00165-741E-43B7-B520-F601E8EC3EF4}"
EndProject
Global
	GlobalSection(SolutionConfigurationPlatforms) = preSolution
		Debug|Any CPU = Debug|Any CPU
		Release|Any CPU = Release|Any CPU
	EndGlobalSection
	GlobalSection(SolutionProperties) = preSolution
		HideSolutionNode = FALSE
	EndGlobalSection
	GlobalSection(ProjectConfigurationPlatforms) = postSolution
		{D6B8F455-4C90-467C-8A34-ABAC13CF0616}.Debug|Any CPU.ActiveCfg = Debug|Any CPU
		{D6B8F455-4C90-467C-8A34-ABAC13CF0616}.Debug|Any CPU.Build.0 = Debug|Any CPU
		{D6B8F455-4C90-467C-8A34-ABAC13CF0616}.Release|Any CPU.ActiveCfg = Release|Any CPU
		{D6B8F455-4C90-467C-8A34-ABAC13CF0616}.Release|Any CPU.Build.0 = Release|Any CPU
		{CE008F25-721B-4CF6-B4A8-9557664FE693}.Debug|Any CPU.ActiveCfg = Debug|Any CPU
		{CE008F25-721B-4CF6-B4A8-9557664FE693}.Debug|Any CPU.Build.0 = Debug|Any CPU
		{CE008F25-721B-4CF6-B4A8-9557664FE693}.Release|Any CPU.ActiveCfg = Release|Any CPU
		{CE008F25-721B-4CF6-B4A8-9557664FE693}.Release|Any CPU.Build.0 = Release|Any CPU
		{72D1A618-0AA0-496E-9D12-C0DCCC3BE5CF}.Debug|Any CPU.ActiveCfg = Debug|Any CPU
		{72D1A618-0AA0-496E-9D12-C0DCCC3BE5CF}.Debug|Any CPU.Build.0 = Debug|Any CPU
		{72D1A618-0AA0-496E-9D12-C0DCCC3BE5CF}.Release|Any CPU.ActiveCfg = Release|Any CPU
		{72D1A618-0AA0-496E-9D12-C0DCCC3BE5CF}.Release|Any CPU.Build.0 = Release|Any CPU
		{30779A4A-D374-46E0-9951-680D8FD9A313}.Debug|Any CPU.ActiveCfg = Debug|Any CPU
		{30779A4A-D374-46E0-9951-680D8FD9A313}.Debug|Any CPU.Build.0 = Debug|Any CPU
		{30779A4A-D374-46E0-9951-680D8FD9A313}.Release|Any CPU.ActiveCfg = Release|Any CPU
		{30779A4A-D374-46E0-9951-680D8FD9A313}.Release|Any CPU.Build.0 = Release|Any CPU
		{87205761-DBA3-4ECA-B7E7-2911F689DEB9}.Debug|Any CPU.ActiveCfg = Debug|Any CPU
		{87205761-DBA3-4ECA-B7E7-2911F689DEB9}.Debug|Any CPU.Build.0 = Debug|Any CPU
		{87205761-DBA3-4ECA-B7E7-2911F689DEB9}.Release|Any CPU.ActiveCfg = Release|Any CPU
		{87205761-DBA3-4ECA-B7E7-2911F689DEB9}.Release|Any CPU.Build.0 = Release|Any CPU
		{B2AFA4C9-73AD-474C-98B8-3D1B89D6F58A}.Debug|Any CPU.ActiveCfg = Debug|Any CPU
		{B2AFA4C9-73AD-474C-98B8-3D1B89D6F58A}.Debug|Any CPU.Build.0 = Debug|Any CPU
		{B2AFA4C9-73AD-474C-98B8-3D1B89D6F58A}.Release|Any CPU.ActiveCfg = Release|Any CPU
		{B2AFA4C9-73AD-474C-98B8-3D1B89D6F58A}.Release|Any CPU.Build.0 = Release|Any CPU
		{524FB551-740D-4A30-919D-30CCFF88F5B2}.Debug|Any CPU.ActiveCfg = Debug|Any CPU
		{524FB551-740D-4A30-919D-30CCFF88F5B2}.Debug|Any CPU.Build.0 = Debug|Any CPU
		{524FB551-740D-4A30-919D-30CCFF88F5B2}.Release|Any CPU.ActiveCfg = Release|Any CPU
		{524FB551-740D-4A30-919D-30CCFF88F5B2}.Release|Any CPU.Build.0 = Release|Any CPU
		{C230176F-252A-4E05-B89E-2B96F23D0321}.Debug|Any CPU.ActiveCfg = Debug|Any CPU
		{C230176F-252A-4E05-B89E-2B96F23D0321}.Debug|Any CPU.Build.0 = Debug|Any CPU
		{C230176F-252A-4E05-B89E-2B96F23D0321}.Release|Any CPU.ActiveCfg = Release|Any CPU
		{C230176F-252A-4E05-B89E-2B96F23D0321}.Release|Any CPU.Build.0 = Release|Any CPU
		{9EBCE088-074B-40A2-9C19-6D83F05AF123}.Debug|Any CPU.ActiveCfg = Debug|Any CPU
		{9EBCE088-074B-40A2-9C19-6D83F05AF123}.Debug|Any CPU.Build.0 = Debug|Any CPU
		{9EBCE088-074B-40A2-9C19-6D83F05AF123}.Release|Any CPU.ActiveCfg = Release|Any CPU
		{9EBCE088-074B-40A2-9C19-6D83F05AF123}.Release|Any CPU.Build.0 = Release|Any CPU
		{4F062769-DD5D-46AC-A24A-7CEC83983283}.Debug|Any CPU.ActiveCfg = Debug|Any CPU
		{4F062769-DD5D-46AC-A24A-7CEC83983283}.Debug|Any CPU.Build.0 = Debug|Any CPU
		{4F062769-DD5D-46AC-A24A-7CEC83983283}.Release|Any CPU.ActiveCfg = Release|Any CPU
		{4F062769-DD5D-46AC-A24A-7CEC83983283}.Release|Any CPU.Build.0 = Release|Any CPU
		{6DAEE96C-9478-42B9-96C8-37B245696B43}.Debug|Any CPU.ActiveCfg = Debug|Any CPU
		{6DAEE96C-9478-42B9-96C8-37B245696B43}.Debug|Any CPU.Build.0 = Debug|Any CPU
		{6DAEE96C-9478-42B9-96C8-37B245696B43}.Release|Any CPU.ActiveCfg = Release|Any CPU
		{6DAEE96C-9478-42B9-96C8-37B245696B43}.Release|Any CPU.Build.0 = Release|Any CPU
		{546442E1-8158-4F3A-80A8-7C1E79C35301}.Debug|Any CPU.ActiveCfg = Debug|Any CPU
		{546442E1-8158-4F3A-80A8-7C1E79C35301}.Debug|Any CPU.Build.0 = Debug|Any CPU
		{546442E1-8158-4F3A-80A8-7C1E79C35301}.Release|Any CPU.ActiveCfg = Release|Any CPU
		{546442E1-8158-4F3A-80A8-7C1E79C35301}.Release|Any CPU.Build.0 = Release|Any CPU
		{6158A377-AD9B-4A52-A7BD-AAD1734BC346}.Debug|Any CPU.ActiveCfg = Debug|Any CPU
		{6158A377-AD9B-4A52-A7BD-AAD1734BC346}.Debug|Any CPU.Build.0 = Debug|Any CPU
		{6158A377-AD9B-4A52-A7BD-AAD1734BC346}.Release|Any CPU.ActiveCfg = Release|Any CPU
		{6158A377-AD9B-4A52-A7BD-AAD1734BC346}.Release|Any CPU.Build.0 = Release|Any CPU
		{9DDDFAC1-338E-449D-BD05-26B67D319EB2}.Debug|Any CPU.ActiveCfg = Debug|Any CPU
		{9DDDFAC1-338E-449D-BD05-26B67D319EB2}.Debug|Any CPU.Build.0 = Debug|Any CPU
		{9DDDFAC1-338E-449D-BD05-26B67D319EB2}.Release|Any CPU.ActiveCfg = Release|Any CPU
		{9DDDFAC1-338E-449D-BD05-26B67D319EB2}.Release|Any CPU.Build.0 = Release|Any CPU
		{5BA4FBA5-FE84-4EAD-8230-2934B7D819F9}.Debug|Any CPU.ActiveCfg = Debug|Any CPU
		{5BA4FBA5-FE84-4EAD-8230-2934B7D819F9}.Debug|Any CPU.Build.0 = Debug|Any CPU
		{5BA4FBA5-FE84-4EAD-8230-2934B7D819F9}.Release|Any CPU.ActiveCfg = Release|Any CPU
		{5BA4FBA5-FE84-4EAD-8230-2934B7D819F9}.Release|Any CPU.Build.0 = Release|Any CPU
		{6B2E72F1-2232-4520-88D6-291812063B59}.Debug|Any CPU.ActiveCfg = Debug|Any CPU
		{6B2E72F1-2232-4520-88D6-291812063B59}.Debug|Any CPU.Build.0 = Debug|Any CPU
		{6B2E72F1-2232-4520-88D6-291812063B59}.Release|Any CPU.ActiveCfg = Release|Any CPU
		{6B2E72F1-2232-4520-88D6-291812063B59}.Release|Any CPU.Build.0 = Release|Any CPU
		{100E524A-4840-4F22-911A-BCAFE2B16079}.Debug|Any CPU.ActiveCfg = Debug|Any CPU
		{100E524A-4840-4F22-911A-BCAFE2B16079}.Debug|Any CPU.Build.0 = Debug|Any CPU
		{100E524A-4840-4F22-911A-BCAFE2B16079}.Release|Any CPU.ActiveCfg = Release|Any CPU
		{100E524A-4840-4F22-911A-BCAFE2B16079}.Release|Any CPU.Build.0 = Release|Any CPU
		{8B81F287-D777-4014-8DA7-0186862C4F42}.Debug|Any CPU.ActiveCfg = Debug|Any CPU
		{8B81F287-D777-4014-8DA7-0186862C4F42}.Debug|Any CPU.Build.0 = Debug|Any CPU
		{8B81F287-D777-4014-8DA7-0186862C4F42}.Release|Any CPU.ActiveCfg = Release|Any CPU
		{8B81F287-D777-4014-8DA7-0186862C4F42}.Release|Any CPU.Build.0 = Release|Any CPU
		{A6179230-1B2C-4899-83FE-A750BA8451B3}.Debug|Any CPU.ActiveCfg = Debug|Any CPU
		{A6179230-1B2C-4899-83FE-A750BA8451B3}.Debug|Any CPU.Build.0 = Debug|Any CPU
		{A6179230-1B2C-4899-83FE-A750BA8451B3}.Release|Any CPU.ActiveCfg = Release|Any CPU
		{A6179230-1B2C-4899-83FE-A750BA8451B3}.Release|Any CPU.Build.0 = Release|Any CPU
		{EFA637DE-50EA-403B-93EA-BC8DC4F0E64B}.Debug|Any CPU.ActiveCfg = Debug|Any CPU
		{EFA637DE-50EA-403B-93EA-BC8DC4F0E64B}.Debug|Any CPU.Build.0 = Debug|Any CPU
		{EFA637DE-50EA-403B-93EA-BC8DC4F0E64B}.Release|Any CPU.ActiveCfg = Release|Any CPU
		{EFA637DE-50EA-403B-93EA-BC8DC4F0E64B}.Release|Any CPU.Build.0 = Release|Any CPU
		{E57A32FF-B784-43C9-BD2E-36F36857EBCD}.Debug|Any CPU.ActiveCfg = Debug|Any CPU
		{E57A32FF-B784-43C9-BD2E-36F36857EBCD}.Debug|Any CPU.Build.0 = Debug|Any CPU
		{E57A32FF-B784-43C9-BD2E-36F36857EBCD}.Release|Any CPU.ActiveCfg = Release|Any CPU
		{E57A32FF-B784-43C9-BD2E-36F36857EBCD}.Release|Any CPU.Build.0 = Release|Any CPU
		{0CAD1B64-6AFF-4369-B586-1A223FDEC59C}.Debug|Any CPU.ActiveCfg = Debug|Any CPU
		{0CAD1B64-6AFF-4369-B586-1A223FDEC59C}.Debug|Any CPU.Build.0 = Debug|Any CPU
		{0CAD1B64-6AFF-4369-B586-1A223FDEC59C}.Release|Any CPU.ActiveCfg = Release|Any CPU
		{0CAD1B64-6AFF-4369-B586-1A223FDEC59C}.Release|Any CPU.Build.0 = Release|Any CPU
		{4F5FBD91-6B0F-447A-8633-B4A9D80F6106}.Debug|Any CPU.ActiveCfg = Debug|Any CPU
		{4F5FBD91-6B0F-447A-8633-B4A9D80F6106}.Debug|Any CPU.Build.0 = Debug|Any CPU
		{4F5FBD91-6B0F-447A-8633-B4A9D80F6106}.Release|Any CPU.ActiveCfg = Release|Any CPU
		{4F5FBD91-6B0F-447A-8633-B4A9D80F6106}.Release|Any CPU.Build.0 = Release|Any CPU
		{45A00165-741E-43B7-B520-F601E8EC3EF4}.Debug|Any CPU.ActiveCfg = Debug|Any CPU
		{45A00165-741E-43B7-B520-F601E8EC3EF4}.Debug|Any CPU.Build.0 = Debug|Any CPU
		{45A00165-741E-43B7-B520-F601E8EC3EF4}.Release|Any CPU.ActiveCfg = Release|Any CPU
		{45A00165-741E-43B7-B520-F601E8EC3EF4}.Release|Any CPU.Build.0 = Release|Any CPU
	EndGlobalSection
	GlobalSection(NestedProjects) = preSolution
		{9EBCE088-074B-40A2-9C19-6D83F05AF123} = {7BBE716D-7823-43F9-9B60-AA4C171BCB02}
		{524FB551-740D-4A30-919D-30CCFF88F5B2} = {7BBE716D-7823-43F9-9B60-AA4C171BCB02}
		{C230176F-252A-4E05-B89E-2B96F23D0321} = {7BBE716D-7823-43F9-9B60-AA4C171BCB02}
		{4F062769-DD5D-46AC-A24A-7CEC83983283} = {7BBE716D-7823-43F9-9B60-AA4C171BCB02}
		{B2AFA4C9-73AD-474C-98B8-3D1B89D6F58A} = {7BBE716D-7823-43F9-9B60-AA4C171BCB02}
		{87205761-DBA3-4ECA-B7E7-2911F689DEB9} = {7BBE716D-7823-43F9-9B60-AA4C171BCB02}
		{546442E1-8158-4F3A-80A8-7C1E79C35301} = {7BBE716D-7823-43F9-9B60-AA4C171BCB02}
		{6DAEE96C-9478-42B9-96C8-37B245696B43} = {7BBE716D-7823-43F9-9B60-AA4C171BCB02}
		{30779A4A-D374-46E0-9951-680D8FD9A313} = {84597CC4-4CCF-4E78-A669-48945F836B35}
		{72D1A618-0AA0-496E-9D12-C0DCCC3BE5CF} = {84597CC4-4CCF-4E78-A669-48945F836B35}
		{CE008F25-721B-4CF6-B4A8-9557664FE693} = {84597CC4-4CCF-4E78-A669-48945F836B35}
		{D6B8F455-4C90-467C-8A34-ABAC13CF0616} = {84597CC4-4CCF-4E78-A669-48945F836B35}
	EndGlobalSection
EndGlobal
